
Microsoft Visual Studio Solution File, Format Version 12.00
# Visual Studio Version 16
VisualStudioVersion = 16.0.34931.43
MinimumVisualStudioVersion = 10.0.40219.1
Project("{FAE04EC0-301F-11D3-BF4B-00C04F79EFBC}") = "ConsoleApp18", "ConsoleApp18.csproj", "{795D5FE5-580B-49C7-A0CE-936968A66CEE}"
EndProject
Global
	GlobalSection(SolutionConfigurationPlatforms) = preSolution
		Debug|Any CPU = Debug|Any CPU
		Release|Any CPU = Release|Any CPU
	EndGlobalSection
	GlobalSection(ProjectConfigurationPlatforms) = postSolution
		{795D5FE5-580B-49C7-A0CE-936968A66CEE}.Debug|Any CPU.ActiveCfg = Debug|Any CPU
		{795D5FE5-580B-49C7-A0CE-936968A66CEE}.Debug|Any CPU.Build.0 = Debug|Any CPU
		{795D5FE5-580B-49C7-A0CE-936968A66CEE}.Release|Any CPU.ActiveCfg = Release|Any CPU
		{795D5FE5-580B-49C7-A0CE-936968A66CEE}.Release|Any CPU.Build.0 = Release|Any CPU
	EndGlobalSection
	GlobalSection(SolutionProperties) = preSolution
		HideSolutionNode = FALSE
	EndGlobalSection
	GlobalSection(ExtensibilityGlobals) = postSolution
		SolutionGuid = {507BF53C-9C6A-4EF5-A22D-B4A798C6D373}
	EndGlobalSection
EndGlobal
